
Microsoft Visual Studio Solution File, Format Version 12.00
# Visual Studio 15
VisualStudioVersion = 15.0.28307.902
MinimumVisualStudioVersion = 10.0.40219.1
Project("{FAE04EC0-301F-11D3-BF4B-00C04F79EFBC}") = "BarCode", "Serial\BarCode.csproj", "{CEB33E51-9134-4A0C-9617-7DA43EEBC3D5}"
EndProject
Global
	GlobalSection(SolutionConfigurationPlatforms) = preSolution
		Debug|Any CPU = Debug|Any CPU
		Release|Any CPU = Release|Any CPU
	EndGlobalSection
	GlobalSection(ProjectConfigurationPlatforms) = postSolution
		{CEB33E51-9134-4A0C-9617-7DA43EEBC3D5}.Debug|Any CPU.ActiveCfg = Debug|Any CPU
		{CEB33E51-9134-4A0C-9617-7DA43EEBC3D5}.Debug|Any CPU.Build.0 = Debug|Any CPU
		{CEB33E51-9134-4A0C-9617-7DA43EEBC3D5}.Release|Any CPU.ActiveCfg = Release|Any CPU
		{CEB33E51-9134-4A0C-9617-7DA43EEBC3D5}.Release|Any CPU.Build.0 = Release|Any CPU
	EndGlobalSection
	GlobalSection(SolutionProperties) = preSolution
		HideSolutionNode = FALSE
	EndGlobalSection
	GlobalSection(ExtensibilityGlobals) = postSolution
		SolutionGuid = {BC66D89C-0018-47B2-A1B6-B2E54A55D463}
	EndGlobalSection
EndGlobal
